
Microsoft Visual Studio Solution File, Format Version 12.00
# Visual Studio Version 16
VisualStudioVersion = 16.0.30907.101
MinimumVisualStudioVersion = 10.0.40219.1
Project("{9A19103F-16F7-4668-BE54-9A1E7A4F7556}") = "Core", "Core\Core.csproj", "{786F921E-18FB-4922-8594-D43BA264BF22}"
EndProject
Project("{9A19103F-16F7-4668-BE54-9A1E7A4F7556}") = "Services", "Services\Services.csproj", "{E902BABA-8041-4AA5-BE70-CDECC2B2BBC3}"
EndProject
Project("{9A19103F-16F7-4668-BE54-9A1E7A4F7556}") = "Database", "Database\Database.csproj", "{C052341B-E08B-41B8-AEA3-58A7A4A4FFE1}"
EndProject
Project("{2150E333-8FDC-42A3-9474-1A3956D46DE8}") = "Solution Items", "Solution Items", "{A40BCC4F-305B-4C41-B6BA-9A107C80F88F}"
	ProjectSection(SolutionItems) = preProject
		.editorconfig = .editorconfig
		.gitattributes = .gitattributes
		.gitignore = .gitignore
		dockerfile = dockerfile
		README.md = README.md
	EndProjectSection
EndProject
Project("{2150E333-8FDC-42A3-9474-1A3956D46DE8}") = "Modules", "Modules", "{EF36A847-25E4-4C83-908A-00F99881D0F0}"
EndProject
Project("{9A19103F-16F7-4668-BE54-9A1E7A4F7556}") = "Common", "Common\Common.csproj", "{EFF7DDDF-C17C-4048-8DB0-E05AB39E924F}"
EndProject
Project("{9A19103F-16F7-4668-BE54-9A1E7A4F7556}") = "GamePlaningModule", "Modules\GamePlaningModule\GamePlaningModule.csproj", "{1643CA56-CC95-4991-A9A2-5D674F12ADE9}"
EndProject
Project("{9A19103F-16F7-4668-BE54-9A1E7A4F7556}") = "GuildSettingsModule", "Modules\GuildSettingsModule\GuildSettingsModule.csproj", "{1B8E6973-194C-436F-A5EC-665A64D0DABB}"
EndProject
Project("{9A19103F-16F7-4668-BE54-9A1E7A4F7556}") = "AudioModule", "Modules\AudioModule\AudioModule.csproj", "{8F85D02B-783A-45A3-96E5-54787703EE70}"
EndProject
Project("{9A19103F-16F7-4668-BE54-9A1E7A4F7556}") = "TDSConnectorServerModule", "Modules\TDSConnectorServer\TDSConnectorServerModule.csproj", "{40E0FE90-02CB-4E76-BF30-8B14C6959DCB}"
EndProject
Project("{9A19103F-16F7-4668-BE54-9A1E7A4F7556}") = "AdminModule", "Modules\AdminModule\AdminModule.csproj", "{C0EB0028-B6D2-456F-BB45-F9A1E270B6FB}"
EndProject
Project("{9A19103F-16F7-4668-BE54-9A1E7A4F7556}") = "GuildsSystem", "GuildsSystem\GuildsSystem.csproj", "{8E42736B-6FC4-4999-88BC-37E97C39DF83}"
EndProject
Project("{9A19103F-16F7-4668-BE54-9A1E7A4F7556}") = "LoggingModule", "Modules\LoggingModule\LoggingModule.csproj", "{7ACCE443-3AFC-44A3-9443-386E0156EDBA}"
EndProject
Project("{9A19103F-16F7-4668-BE54-9A1E7A4F7556}") = "TDSConnectorClientModule", "Modules\TDSConnectorClientModule\TDSConnectorClientModule.csproj", "{FAB557F4-2B04-40F0-9030-08F9826F45D8}"
EndProject
Project("{9A19103F-16F7-4668-BE54-9A1E7A4F7556}") = "ModulesControllingModule", "Modules\ModulesControllingModule\ModulesControllingModule.csproj", "{1E547D1F-02A7-4CE0-918C-5291937A5CC4}"
EndProject
Project("{FAE04EC0-301F-11D3-BF4B-00C04F79EFBC}") = "ColorRolesModule", "Modules\ColorRolesModule\ColorRolesModule.csproj", "{0099AA58-2E69-49D5-81D5-640B60AA06AB}"
EndProject
Global
	GlobalSection(SolutionConfigurationPlatforms) = preSolution
		Debug|Any CPU = Debug|Any CPU
		Release|Any CPU = Release|Any CPU
	EndGlobalSection
	GlobalSection(ProjectConfigurationPlatforms) = postSolution
		{786F921E-18FB-4922-8594-D43BA264BF22}.Debug|Any CPU.ActiveCfg = Debug|Any CPU
		{786F921E-18FB-4922-8594-D43BA264BF22}.Debug|Any CPU.Build.0 = Debug|Any CPU
		{786F921E-18FB-4922-8594-D43BA264BF22}.Release|Any CPU.ActiveCfg = Release|Any CPU
		{786F921E-18FB-4922-8594-D43BA264BF22}.Release|Any CPU.Build.0 = Release|Any CPU
		{E902BABA-8041-4AA5-BE70-CDECC2B2BBC3}.Debug|Any CPU.ActiveCfg = Debug|Any CPU
		{E902BABA-8041-4AA5-BE70-CDECC2B2BBC3}.Debug|Any CPU.Build.0 = Debug|Any CPU
		{E902BABA-8041-4AA5-BE70-CDECC2B2BBC3}.Release|Any CPU.ActiveCfg = Release|Any CPU
		{E902BABA-8041-4AA5-BE70-CDECC2B2BBC3}.Release|Any CPU.Build.0 = Release|Any CPU
		{C052341B-E08B-41B8-AEA3-58A7A4A4FFE1}.Debug|Any CPU.ActiveCfg = Debug|Any CPU
		{C052341B-E08B-41B8-AEA3-58A7A4A4FFE1}.Debug|Any CPU.Build.0 = Debug|Any CPU
		{C052341B-E08B-41B8-AEA3-58A7A4A4FFE1}.Release|Any CPU.ActiveCfg = Release|Any CPU
		{C052341B-E08B-41B8-AEA3-58A7A4A4FFE1}.Release|Any CPU.Build.0 = Release|Any CPU
		{EFF7DDDF-C17C-4048-8DB0-E05AB39E924F}.Debug|Any CPU.ActiveCfg = Debug|Any CPU
		{EFF7DDDF-C17C-4048-8DB0-E05AB39E924F}.Debug|Any CPU.Build.0 = Debug|Any CPU
		{EFF7DDDF-C17C-4048-8DB0-E05AB39E924F}.Release|Any CPU.ActiveCfg = Release|Any CPU
		{EFF7DDDF-C17C-4048-8DB0-E05AB39E924F}.Release|Any CPU.Build.0 = Release|Any CPU
		{1643CA56-CC95-4991-A9A2-5D674F12ADE9}.Debug|Any CPU.ActiveCfg = Debug|Any CPU
		{1643CA56-CC95-4991-A9A2-5D674F12ADE9}.Debug|Any CPU.Build.0 = Debug|Any CPU
		{1643CA56-CC95-4991-A9A2-5D674F12ADE9}.Release|Any CPU.ActiveCfg = Release|Any CPU
		{1643CA56-CC95-4991-A9A2-5D674F12ADE9}.Release|Any CPU.Build.0 = Release|Any CPU
		{1B8E6973-194C-436F-A5EC-665A64D0DABB}.Debug|Any CPU.ActiveCfg = Debug|Any CPU
		{1B8E6973-194C-436F-A5EC-665A64D0DABB}.Debug|Any CPU.Build.0 = Debug|Any CPU
		{1B8E6973-194C-436F-A5EC-665A64D0DABB}.Release|Any CPU.ActiveCfg = Release|Any CPU
		{1B8E6973-194C-436F-A5EC-665A64D0DABB}.Release|Any CPU.Build.0 = Release|Any CPU
		{8F85D02B-783A-45A3-96E5-54787703EE70}.Debug|Any CPU.ActiveCfg = Debug|Any CPU
		{8F85D02B-783A-45A3-96E5-54787703EE70}.Debug|Any CPU.Build.0 = Debug|Any CPU
		{8F85D02B-783A-45A3-96E5-54787703EE70}.Release|Any CPU.ActiveCfg = Release|Any CPU
		{8F85D02B-783A-45A3-96E5-54787703EE70}.Release|Any CPU.Build.0 = Release|Any CPU
		{40E0FE90-02CB-4E76-BF30-8B14C6959DCB}.Debug|Any CPU.ActiveCfg = Debug|Any CPU
		{40E0FE90-02CB-4E76-BF30-8B14C6959DCB}.Debug|Any CPU.Build.0 = Debug|Any CPU
		{40E0FE90-02CB-4E76-BF30-8B14C6959DCB}.Release|Any CPU.ActiveCfg = Release|Any CPU
		{40E0FE90-02CB-4E76-BF30-8B14C6959DCB}.Release|Any CPU.Build.0 = Release|Any CPU
		{C0EB0028-B6D2-456F-BB45-F9A1E270B6FB}.Debug|Any CPU.ActiveCfg = Debug|Any CPU
		{C0EB0028-B6D2-456F-BB45-F9A1E270B6FB}.Debug|Any CPU.Build.0 = Debug|Any CPU
		{C0EB0028-B6D2-456F-BB45-F9A1E270B6FB}.Release|Any CPU.ActiveCfg = Release|Any CPU
		{C0EB0028-B6D2-456F-BB45-F9A1E270B6FB}.Release|Any CPU.Build.0 = Release|Any CPU
		{8E42736B-6FC4-4999-88BC-37E97C39DF83}.Debug|Any CPU.ActiveCfg = Debug|Any CPU
		{8E42736B-6FC4-4999-88BC-37E97C39DF83}.Debug|Any CPU.Build.0 = Debug|Any CPU
		{8E42736B-6FC4-4999-88BC-37E97C39DF83}.Release|Any CPU.ActiveCfg = Release|Any CPU
		{8E42736B-6FC4-4999-88BC-37E97C39DF83}.Release|Any CPU.Build.0 = Release|Any CPU
		{7ACCE443-3AFC-44A3-9443-386E0156EDBA}.Debug|Any CPU.ActiveCfg = Debug|Any CPU
		{7ACCE443-3AFC-44A3-9443-386E0156EDBA}.Debug|Any CPU.Build.0 = Debug|Any CPU
		{7ACCE443-3AFC-44A3-9443-386E0156EDBA}.Release|Any CPU.ActiveCfg = Release|Any CPU
		{7ACCE443-3AFC-44A3-9443-386E0156EDBA}.Release|Any CPU.Build.0 = Release|Any CPU
		{FAB557F4-2B04-40F0-9030-08F9826F45D8}.Debug|Any CPU.ActiveCfg = Debug|Any CPU
		{FAB557F4-2B04-40F0-9030-08F9826F45D8}.Debug|Any CPU.Build.0 = Debug|Any CPU
		{FAB557F4-2B04-40F0-9030-08F9826F45D8}.Release|Any CPU.ActiveCfg = Release|Any CPU
		{FAB557F4-2B04-40F0-9030-08F9826F45D8}.Release|Any CPU.Build.0 = Release|Any CPU
		{1E547D1F-02A7-4CE0-918C-5291937A5CC4}.Debug|Any CPU.ActiveCfg = Debug|Any CPU
		{1E547D1F-02A7-4CE0-918C-5291937A5CC4}.Debug|Any CPU.Build.0 = Debug|Any CPU
		{1E547D1F-02A7-4CE0-918C-5291937A5CC4}.Release|Any CPU.ActiveCfg = Release|Any CPU
		{1E547D1F-02A7-4CE0-918C-5291937A5CC4}.Release|Any CPU.Build.0 = Release|Any CPU
		{0099AA58-2E69-49D5-81D5-640B60AA06AB}.Debug|Any CPU.ActiveCfg = Debug|Any CPU
		{0099AA58-2E69-49D5-81D5-640B60AA06AB}.Debug|Any CPU.Build.0 = Debug|Any CPU
		{0099AA58-2E69-49D5-81D5-640B60AA06AB}.Release|Any CPU.ActiveCfg = Release|Any CPU
		{0099AA58-2E69-49D5-81D5-640B60AA06AB}.Release|Any CPU.Build.0 = Release|Any CPU
	EndGlobalSection
	GlobalSection(SolutionProperties) = preSolution
		HideSolutionNode = FALSE
	EndGlobalSection
	GlobalSection(NestedProjects) = preSolution
		{1643CA56-CC95-4991-A9A2-5D674F12ADE9} = {EF36A847-25E4-4C83-908A-00F99881D0F0}
		{1B8E6973-194C-436F-A5EC-665A64D0DABB} = {EF36A847-25E4-4C83-908A-00F99881D0F0}
		{8F85D02B-783A-45A3-96E5-54787703EE70} = {EF36A847-25E4-4C83-908A-00F99881D0F0}
		{40E0FE90-02CB-4E76-BF30-8B14C6959DCB} = {EF36A847-25E4-4C83-908A-00F99881D0F0}
		{C0EB0028-B6D2-456F-BB45-F9A1E270B6FB} = {EF36A847-25E4-4C83-908A-00F99881D0F0}
		{7ACCE443-3AFC-44A3-9443-386E0156EDBA} = {EF36A847-25E4-4C83-908A-00F99881D0F0}
		{FAB557F4-2B04-40F0-9030-08F9826F45D8} = {EF36A847-25E4-4C83-908A-00F99881D0F0}
		{1E547D1F-02A7-4CE0-918C-5291937A5CC4} = {EF36A847-25E4-4C83-908A-00F99881D0F0}
		{0099AA58-2E69-49D5-81D5-640B60AA06AB} = {EF36A847-25E4-4C83-908A-00F99881D0F0}
	EndGlobalSection
	GlobalSection(ExtensibilityGlobals) = postSolution
		SolutionGuid = {1F62F0D4-1E2A-4680-BA3D-B5AC670BF321}
	EndGlobalSection
EndGlobal
